
Microsoft Visual Studio Solution File, Format Version 12.00
# Visual Studio 15
Project("{FAE04EC0-301F-11D3-BF4B-00C04F79EFBC}") = "CollectionView.Android", "CollectionView.Android\CollectionView.Android.csproj", "{6B62C954-79AA-41D9-9FBF-643792F57CD6}"
EndProject
Project("{FAE04EC0-301F-11D3-BF4B-00C04F79EFBC}") = "CollectionView.iOS", "CollectionView.iOS\CollectionView.iOS.csproj", "{5EE24C6B-304A-4817-B861-265AB921CADB}"
EndProject
Project("{FAE04EC0-301F-11D3-BF4B-00C04F79EFBC}") = "CollectionView.UITests", "CollectionView.UITests\CollectionView.UITests.csproj", "{F7500065-789E-4426-958F-2AD4A7C99A9A}"
EndProject
Project("{FAE04EC0-301F-11D3-BF4B-00C04F79EFBC}") = "CollectionView", "CollectionView\CollectionView.csproj", "{59F7E958-5F45-4A64-9C67-0DBF3D54B514}"
EndProject
Global
	GlobalSection(SolutionConfigurationPlatforms) = preSolution
		Debug|Any CPU = Debug|Any CPU
		Release|Any CPU = Release|Any CPU
		Debug|iPhoneSimulator = Debug|iPhoneSimulator
		Release|iPhoneSimulator = Release|iPhoneSimulator
		Debug|iPhone = Debug|iPhone
		Release|iPhone = Release|iPhone
	EndGlobalSection
	GlobalSection(ProjectConfigurationPlatforms) = postSolution
		{6B62C954-79AA-41D9-9FBF-643792F57CD6}.Debug|Any CPU.ActiveCfg = Debug|Any CPU
		{6B62C954-79AA-41D9-9FBF-643792F57CD6}.Debug|Any CPU.Build.0 = Debug|Any CPU
		{6B62C954-79AA-41D9-9FBF-643792F57CD6}.Release|Any CPU.ActiveCfg = Release|Any CPU
		{6B62C954-79AA-41D9-9FBF-643792F57CD6}.Release|Any CPU.Build.0 = Release|Any CPU
		{6B62C954-79AA-41D9-9FBF-643792F57CD6}.Debug|iPhoneSimulator.ActiveCfg = Debug|Any CPU
		{6B62C954-79AA-41D9-9FBF-643792F57CD6}.Debug|iPhoneSimulator.Build.0 = Debug|Any CPU
		{6B62C954-79AA-41D9-9FBF-643792F57CD6}.Release|iPhoneSimulator.ActiveCfg = Release|Any CPU
		{6B62C954-79AA-41D9-9FBF-643792F57CD6}.Release|iPhoneSimulator.Build.0 = Release|Any CPU
		{6B62C954-79AA-41D9-9FBF-643792F57CD6}.Debug|iPhone.ActiveCfg = Debug|Any CPU
		{6B62C954-79AA-41D9-9FBF-643792F57CD6}.Debug|iPhone.Build.0 = Debug|Any CPU
		{6B62C954-79AA-41D9-9FBF-643792F57CD6}.Release|iPhone.ActiveCfg = Release|Any CPU
		{6B62C954-79AA-41D9-9FBF-643792F57CD6}.Release|iPhone.Build.0 = Release|Any CPU
		{5EE24C6B-304A-4817-B861-265AB921CADB}.Debug|Any CPU.ActiveCfg = Debug|iPhoneSimulator
		{5EE24C6B-304A-4817-B861-265AB921CADB}.Debug|Any CPU.Build.0 = Debug|iPhoneSimulator
		{5EE24C6B-304A-4817-B861-265AB921CADB}.Release|Any CPU.ActiveCfg = Release|iPhoneSimulator
		{5EE24C6B-304A-4817-B861-265AB921CADB}.Release|Any CPU.Build.0 = Release|iPhoneSimulator
		{5EE24C6B-304A-4817-B861-265AB921CADB}.Debug|iPhoneSimulator.ActiveCfg = Debug|iPhoneSimulator
		{5EE24C6B-304A-4817-B861-265AB921CADB}.Debug|iPhoneSimulator.Build.0 = Debug|iPhoneSimulator
		{5EE24C6B-304A-4817-B861-265AB921CADB}.Release|iPhoneSimulator.ActiveCfg = Release|iPhoneSimulator
		{5EE24C6B-304A-4817-B861-265AB921CADB}.Release|iPhoneSimulator.Build.0 = Release|iPhoneSimulator
		{5EE24C6B-304A-4817-B861-265AB921CADB}.Debug|iPhone.ActiveCfg = Debug|iPhone
		{5EE24C6B-304A-4817-B861-265AB921CADB}.Debug|iPhone.Build.0 = Debug|iPhone
		{5EE24C6B-304A-4817-B861-265AB921CADB}.Release|iPhone.ActiveCfg = Release|iPhone
		{5EE24C6B-304A-4817-B861-265AB921CADB}.Release|iPhone.Build.0 = Release|iPhone
		{F7500065-789E-4426-958F-2AD4A7C99A9A}.Debug|Any CPU.ActiveCfg = Debug|Any CPU
		{F7500065-789E-4426-958F-2AD4A7C99A9A}.Debug|Any CPU.Build.0 = Debug|Any CPU
		{F7500065-789E-4426-958F-2AD4A7C99A9A}.Release|Any CPU.ActiveCfg = Release|Any CPU
		{F7500065-789E-4426-958F-2AD4A7C99A9A}.Release|Any CPU.Build.0 = Release|Any CPU
		{F7500065-789E-4426-958F-2AD4A7C99A9A}.Debug|iPhoneSimulator.ActiveCfg = Debug|Any CPU
		{F7500065-789E-4426-958F-2AD4A7C99A9A}.Debug|iPhoneSimulator.Build.0 = Debug|Any CPU
		{F7500065-789E-4426-958F-2AD4A7C99A9A}.Release|iPhoneSimulator.ActiveCfg = Release|Any CPU
		{F7500065-789E-4426-958F-2AD4A7C99A9A}.Release|iPhoneSimulator.Build.0 = Release|Any CPU
		{F7500065-789E-4426-958F-2AD4A7C99A9A}.Debug|iPhone.ActiveCfg = Debug|Any CPU
		{F7500065-789E-4426-958F-2AD4A7C99A9A}.Debug|iPhone.Build.0 = Debug|Any CPU
		{F7500065-789E-4426-958F-2AD4A7C99A9A}.Release|iPhone.ActiveCfg = Release|Any CPU
		{F7500065-789E-4426-958F-2AD4A7C99A9A}.Release|iPhone.Build.0 = Release|Any CPU
		{59F7E958-5F45-4A64-9C67-0DBF3D54B514}.Debug|Any CPU.ActiveCfg = Debug|Any CPU
		{59F7E958-5F45-4A64-9C67-0DBF3D54B514}.Debug|Any CPU.Build.0 = Debug|Any CPU
		{59F7E958-5F45-4A64-9C67-0DBF3D54B514}.Release|Any CPU.ActiveCfg = Release|Any CPU
		{59F7E958-5F45-4A64-9C67-0DBF3D54B514}.Release|Any CPU.Build.0 = Release|Any CPU
		{59F7E958-5F45-4A64-9C67-0DBF3D54B514}.Debug|iPhoneSimulator.ActiveCfg = Debug|Any CPU
		{59F7E958-5F45-4A64-9C67-0DBF3D54B514}.Debug|iPhoneSimulator.Build.0 = Debug|Any CPU
		{59F7E958-5F45-4A64-9C67-0DBF3D54B514}.Release|iPhoneSimulator.ActiveCfg = Release|Any CPU
		{59F7E958-5F45-4A64-9C67-0DBF3D54B514}.Release|iPhoneSimulator.Build.0 = Release|Any CPU
		{59F7E958-5F45-4A64-9C67-0DBF3D54B514}.Debug|iPhone.ActiveCfg = Debug|Any CPU
		{59F7E958-5F45-4A64-9C67-0DBF3D54B514}.Debug|iPhone.Build.0 = Debug|Any CPU
		{59F7E958-5F45-4A64-9C67-0DBF3D54B514}.Release|iPhone.ActiveCfg = Release|Any CPU
		{59F7E958-5F45-4A64-9C67-0DBF3D54B514}.Release|iPhone.Build.0 = Release|Any CPU
	EndGlobalSection
EndGlobal
