
Microsoft Visual Studio Solution File, Format Version 12.00
# Visual Studio 15
Project("{FAE04EC0-301F-11D3-BF4B-00C04F79EFBC}") = "ContactsBook.Android", "ContactsBook.Android\ContactsBook.Android.csproj", "{96186039-7052-451B-903E-E5C452A7D9B1}"
EndProject
Project("{FAE04EC0-301F-11D3-BF4B-00C04F79EFBC}") = "ContactsBook.iOS", "ContactsBook.iOS\ContactsBook.iOS.csproj", "{DC8ED130-41D0-4A51-9F7A-0523DEFF9524}"
EndProject
Project("{FAE04EC0-301F-11D3-BF4B-00C04F79EFBC}") = "ContactsBook", "ContactsBook\ContactsBook.csproj", "{81A5C617-0971-4A83-84B6-A27D84990038}"
EndProject
Global
	GlobalSection(SolutionConfigurationPlatforms) = preSolution
		Debug|Any CPU = Debug|Any CPU
		Release|Any CPU = Release|Any CPU
		Debug|iPhoneSimulator = Debug|iPhoneSimulator
		Release|iPhoneSimulator = Release|iPhoneSimulator
		Debug|iPhone = Debug|iPhone
		Release|iPhone = Release|iPhone
	EndGlobalSection
	GlobalSection(ProjectConfigurationPlatforms) = postSolution
		{96186039-7052-451B-903E-E5C452A7D9B1}.Debug|Any CPU.ActiveCfg = Debug|Any CPU
		{96186039-7052-451B-903E-E5C452A7D9B1}.Debug|Any CPU.Build.0 = Debug|Any CPU
		{96186039-7052-451B-903E-E5C452A7D9B1}.Release|Any CPU.ActiveCfg = Release|Any CPU
		{96186039-7052-451B-903E-E5C452A7D9B1}.Release|Any CPU.Build.0 = Release|Any CPU
		{96186039-7052-451B-903E-E5C452A7D9B1}.Debug|iPhoneSimulator.ActiveCfg = Debug|Any CPU
		{96186039-7052-451B-903E-E5C452A7D9B1}.Debug|iPhoneSimulator.Build.0 = Debug|Any CPU
		{96186039-7052-451B-903E-E5C452A7D9B1}.Release|iPhoneSimulator.ActiveCfg = Release|Any CPU
		{96186039-7052-451B-903E-E5C452A7D9B1}.Release|iPhoneSimulator.Build.0 = Release|Any CPU
		{96186039-7052-451B-903E-E5C452A7D9B1}.Debug|iPhone.ActiveCfg = Debug|Any CPU
		{96186039-7052-451B-903E-E5C452A7D9B1}.Debug|iPhone.Build.0 = Debug|Any CPU
		{96186039-7052-451B-903E-E5C452A7D9B1}.Release|iPhone.ActiveCfg = Release|Any CPU
		{96186039-7052-451B-903E-E5C452A7D9B1}.Release|iPhone.Build.0 = Release|Any CPU
		{DC8ED130-41D0-4A51-9F7A-0523DEFF9524}.Debug|Any CPU.ActiveCfg = Debug|iPhoneSimulator
		{DC8ED130-41D0-4A51-9F7A-0523DEFF9524}.Debug|Any CPU.Build.0 = Debug|iPhoneSimulator
		{DC8ED130-41D0-4A51-9F7A-0523DEFF9524}.Release|Any CPU.ActiveCfg = Release|iPhoneSimulator
		{DC8ED130-41D0-4A51-9F7A-0523DEFF9524}.Release|Any CPU.Build.0 = Release|iPhoneSimulator
		{DC8ED130-41D0-4A51-9F7A-0523DEFF9524}.Debug|iPhoneSimulator.ActiveCfg = Debug|iPhoneSimulator
		{DC8ED130-41D0-4A51-9F7A-0523DEFF9524}.Debug|iPhoneSimulator.Build.0 = Debug|iPhoneSimulator
		{DC8ED130-41D0-4A51-9F7A-0523DEFF9524}.Release|iPhoneSimulator.ActiveCfg = Release|iPhoneSimulator
		{DC8ED130-41D0-4A51-9F7A-0523DEFF9524}.Release|iPhoneSimulator.Build.0 = Release|iPhoneSimulator
		{DC8ED130-41D0-4A51-9F7A-0523DEFF9524}.Debug|iPhone.ActiveCfg = Debug|iPhone
		{DC8ED130-41D0-4A51-9F7A-0523DEFF9524}.Debug|iPhone.Build.0 = Debug|iPhone
		{DC8ED130-41D0-4A51-9F7A-0523DEFF9524}.Release|iPhone.ActiveCfg = Release|iPhone
		{DC8ED130-41D0-4A51-9F7A-0523DEFF9524}.Release|iPhone.Build.0 = Release|iPhone
		{81A5C617-0971-4A83-84B6-A27D84990038}.Debug|Any CPU.ActiveCfg = Debug|Any CPU
		{81A5C617-0971-4A83-84B6-A27D84990038}.Debug|Any CPU.Build.0 = Debug|Any CPU
		{81A5C617-0971-4A83-84B6-A27D84990038}.Release|Any CPU.ActiveCfg = Release|Any CPU
		{81A5C617-0971-4A83-84B6-A27D84990038}.Release|Any CPU.Build.0 = Release|Any CPU
		{81A5C617-0971-4A83-84B6-A27D84990038}.Debug|iPhoneSimulator.ActiveCfg = Debug|Any CPU
		{81A5C617-0971-4A83-84B6-A27D84990038}.Debug|iPhoneSimulator.Build.0 = Debug|Any CPU
		{81A5C617-0971-4A83-84B6-A27D84990038}.Release|iPhoneSimulator.ActiveCfg = Release|Any CPU
		{81A5C617-0971-4A83-84B6-A27D84990038}.Release|iPhoneSimulator.Build.0 = Release|Any CPU
		{81A5C617-0971-4A83-84B6-A27D84990038}.Debug|iPhone.ActiveCfg = Debug|Any CPU
		{81A5C617-0971-4A83-84B6-A27D84990038}.Debug|iPhone.Build.0 = Debug|Any CPU
		{81A5C617-0971-4A83-84B6-A27D84990038}.Release|iPhone.ActiveCfg = Release|Any CPU
		{81A5C617-0971-4A83-84B6-A27D84990038}.Release|iPhone.Build.0 = Release|Any CPU
	EndGlobalSection
EndGlobal
